
Microsoft Visual Studio Solution File, Format Version 12.00
# Visual Studio Version 16
VisualStudioVersion = 16.0.31613.86
MinimumVisualStudioVersion = 10.0.40219.1
Project("{8BC9CEB8-8B4A-11D0-8D11-00A0C91BC942}") = "Lab8.1.1", "Lab8.1.1\Lab8.1.1.vcxproj", "{F17EC12B-E4B4-4ADA-803B-6004E3B41C69}"
EndProject
Project("{8BC9CEB8-8B4A-11D0-8D11-00A0C91BC942}") = "UnitTest", "UnitTest\UnitTest.vcxproj", "{A17D7E00-42A0-4985-8A09-26F49155AFCF}"
EndProject
Global
	GlobalSection(SolutionConfigurationPlatforms) = preSolution
		Debug|x64 = Debug|x64
		Debug|x86 = Debug|x86
		Release|x64 = Release|x64
		Release|x86 = Release|x86
	EndGlobalSection
	GlobalSection(ProjectConfigurationPlatforms) = postSolution
		{F17EC12B-E4B4-4ADA-803B-6004E3B41C69}.Debug|x64.ActiveCfg = Debug|x64
		{F17EC12B-E4B4-4ADA-803B-6004E3B41C69}.Debug|x64.Build.0 = Debug|x64
		{F17EC12B-E4B4-4ADA-803B-6004E3B41C69}.Debug|x86.ActiveCfg = Debug|Win32
		{F17EC12B-E4B4-4ADA-803B-6004E3B41C69}.Debug|x86.Build.0 = Debug|Win32
		{F17EC12B-E4B4-4ADA-803B-6004E3B41C69}.Release|x64.ActiveCfg = Release|x64
		{F17EC12B-E4B4-4ADA-803B-6004E3B41C69}.Release|x64.Build.0 = Release|x64
		{F17EC12B-E4B4-4ADA-803B-6004E3B41C69}.Release|x86.ActiveCfg = Release|Win32
		{F17EC12B-E4B4-4ADA-803B-6004E3B41C69}.Release|x86.Build.0 = Release|Win32
		{A17D7E00-42A0-4985-8A09-26F49155AFCF}.Debug|x64.ActiveCfg = Debug|x64
		{A17D7E00-42A0-4985-8A09-26F49155AFCF}.Debug|x64.Build.0 = Debug|x64
		{A17D7E00-42A0-4985-8A09-26F49155AFCF}.Debug|x86.ActiveCfg = Debug|Win32
		{A17D7E00-42A0-4985-8A09-26F49155AFCF}.Debug|x86.Build.0 = Debug|Win32
		{A17D7E00-42A0-4985-8A09-26F49155AFCF}.Release|x64.ActiveCfg = Release|x64
		{A17D7E00-42A0-4985-8A09-26F49155AFCF}.Release|x64.Build.0 = Release|x64
		{A17D7E00-42A0-4985-8A09-26F49155AFCF}.Release|x86.ActiveCfg = Release|Win32
		{A17D7E00-42A0-4985-8A09-26F49155AFCF}.Release|x86.Build.0 = Release|Win32
	EndGlobalSection
	GlobalSection(SolutionProperties) = preSolution
		HideSolutionNode = FALSE
	EndGlobalSection
	GlobalSection(ExtensibilityGlobals) = postSolution
		SolutionGuid = {A7AA75D8-ECD7-4ADA-AABF-BDB7DACB0B30}
	EndGlobalSection
EndGlobal
