
Microsoft Visual Studio Solution File, Format Version 12.00
# Visual Studio Version 16
VisualStudioVersion = 16.0.31613.86
MinimumVisualStudioVersion = 10.0.40219.1
Project("{8BC9CEB8-8B4A-11D0-8D11-00A0C91BC942}") = "Lab8.1.4", "Lab8.1.4\Lab8.1.4.vcxproj", "{C9CB0DAB-D826-478C-BD16-E4018748763F}"
EndProject
Project("{8BC9CEB8-8B4A-11D0-8D11-00A0C91BC942}") = "UnitTest", "UnitTest\UnitTest.vcxproj", "{1FCC5A7C-F64C-4F33-9C30-A8021EA9DFCF}"
EndProject
Global
	GlobalSection(SolutionConfigurationPlatforms) = preSolution
		Debug|x64 = Debug|x64
		Debug|x86 = Debug|x86
		Release|x64 = Release|x64
		Release|x86 = Release|x86
	EndGlobalSection
	GlobalSection(ProjectConfigurationPlatforms) = postSolution
		{C9CB0DAB-D826-478C-BD16-E4018748763F}.Debug|x64.ActiveCfg = Debug|x64
		{C9CB0DAB-D826-478C-BD16-E4018748763F}.Debug|x64.Build.0 = Debug|x64
		{C9CB0DAB-D826-478C-BD16-E4018748763F}.Debug|x86.ActiveCfg = Debug|Win32
		{C9CB0DAB-D826-478C-BD16-E4018748763F}.Debug|x86.Build.0 = Debug|Win32
		{C9CB0DAB-D826-478C-BD16-E4018748763F}.Release|x64.ActiveCfg = Release|x64
		{C9CB0DAB-D826-478C-BD16-E4018748763F}.Release|x64.Build.0 = Release|x64
		{C9CB0DAB-D826-478C-BD16-E4018748763F}.Release|x86.ActiveCfg = Release|Win32
		{C9CB0DAB-D826-478C-BD16-E4018748763F}.Release|x86.Build.0 = Release|Win32
		{1FCC5A7C-F64C-4F33-9C30-A8021EA9DFCF}.Debug|x64.ActiveCfg = Debug|x64
		{1FCC5A7C-F64C-4F33-9C30-A8021EA9DFCF}.Debug|x64.Build.0 = Debug|x64
		{1FCC5A7C-F64C-4F33-9C30-A8021EA9DFCF}.Debug|x86.ActiveCfg = Debug|Win32
		{1FCC5A7C-F64C-4F33-9C30-A8021EA9DFCF}.Debug|x86.Build.0 = Debug|Win32
		{1FCC5A7C-F64C-4F33-9C30-A8021EA9DFCF}.Release|x64.ActiveCfg = Release|x64
		{1FCC5A7C-F64C-4F33-9C30-A8021EA9DFCF}.Release|x64.Build.0 = Release|x64
		{1FCC5A7C-F64C-4F33-9C30-A8021EA9DFCF}.Release|x86.ActiveCfg = Release|Win32
		{1FCC5A7C-F64C-4F33-9C30-A8021EA9DFCF}.Release|x86.Build.0 = Release|Win32
	EndGlobalSection
	GlobalSection(SolutionProperties) = preSolution
		HideSolutionNode = FALSE
	EndGlobalSection
	GlobalSection(ExtensibilityGlobals) = postSolution
		SolutionGuid = {F8D124A8-9078-476E-833F-92AD1287C76D}
	EndGlobalSection
EndGlobal
